
Microsoft Visual Studio Solution File, Format Version 12.00
# Visual Studio Version 16
VisualStudioVersion = 16.0.30114.105
MinimumVisualStudioVersion = 10.0.40219.1
Project("{9A19103F-16F7-4668-BE54-9A1E7A4F7556}") = "R5T.B0006.X0002", "R5T.B0006.X0002\R5T.B0006.X0002.csproj", "{B495B704-23E9-4256-976A-60FEBD63033A}"
EndProject
Project("{2150E333-8FDC-42A3-9474-1A3956D46DE8}") = "_Dependencies", "_Dependencies", "{9AC352B3-39CD-41CF-97B1-4849CDD32126}"
EndProject
Project("{9A19103F-16F7-4668-BE54-9A1E7A4F7556}") = "R5T.B0006", "..\..\R5T.B0006\source\R5T.B0006\R5T.B0006.csproj", "{B5E0C834-8799-4E18-A24B-F10ED7DC3624}"
EndProject
Project("{9A19103F-16F7-4668-BE54-9A1E7A4F7556}") = "R5T.F0005", "..\..\R5T.F0005\source\R5T.F0005\R5T.F0005.csproj", "{31F91F83-6952-4511-8EB9-FE259535D3A5}"
EndProject
Global
	GlobalSection(SolutionConfigurationPlatforms) = preSolution
		Debug|Any CPU = Debug|Any CPU
		Debug|x64 = Debug|x64
		Debug|x86 = Debug|x86
		Release|Any CPU = Release|Any CPU
		Release|x64 = Release|x64
		Release|x86 = Release|x86
	EndGlobalSection
	GlobalSection(ProjectConfigurationPlatforms) = postSolution
		{B495B704-23E9-4256-976A-60FEBD63033A}.Debug|Any CPU.ActiveCfg = Debug|Any CPU
		{B495B704-23E9-4256-976A-60FEBD63033A}.Debug|Any CPU.Build.0 = Debug|Any CPU
		{B495B704-23E9-4256-976A-60FEBD63033A}.Debug|x64.ActiveCfg = Debug|Any CPU
		{B495B704-23E9-4256-976A-60FEBD63033A}.Debug|x64.Build.0 = Debug|Any CPU
		{B495B704-23E9-4256-976A-60FEBD63033A}.Debug|x86.ActiveCfg = Debug|Any CPU
		{B495B704-23E9-4256-976A-60FEBD63033A}.Debug|x86.Build.0 = Debug|Any CPU
		{B495B704-23E9-4256-976A-60FEBD63033A}.Release|Any CPU.ActiveCfg = Release|Any CPU
		{B495B704-23E9-4256-976A-60FEBD63033A}.Release|Any CPU.Build.0 = Release|Any CPU
		{B495B704-23E9-4256-976A-60FEBD63033A}.Release|x64.ActiveCfg = Release|Any CPU
		{B495B704-23E9-4256-976A-60FEBD63033A}.Release|x64.Build.0 = Release|Any CPU
		{B495B704-23E9-4256-976A-60FEBD63033A}.Release|x86.ActiveCfg = Release|Any CPU
		{B495B704-23E9-4256-976A-60FEBD63033A}.Release|x86.Build.0 = Release|Any CPU
		{B5E0C834-8799-4E18-A24B-F10ED7DC3624}.Debug|Any CPU.ActiveCfg = Debug|Any CPU
		{B5E0C834-8799-4E18-A24B-F10ED7DC3624}.Debug|Any CPU.Build.0 = Debug|Any CPU
		{B5E0C834-8799-4E18-A24B-F10ED7DC3624}.Debug|x64.ActiveCfg = Debug|Any CPU
		{B5E0C834-8799-4E18-A24B-F10ED7DC3624}.Debug|x64.Build.0 = Debug|Any CPU
		{B5E0C834-8799-4E18-A24B-F10ED7DC3624}.Debug|x86.ActiveCfg = Debug|Any CPU
		{B5E0C834-8799-4E18-A24B-F10ED7DC3624}.Debug|x86.Build.0 = Debug|Any CPU
		{B5E0C834-8799-4E18-A24B-F10ED7DC3624}.Release|Any CPU.ActiveCfg = Release|Any CPU
		{B5E0C834-8799-4E18-A24B-F10ED7DC3624}.Release|Any CPU.Build.0 = Release|Any CPU
		{B5E0C834-8799-4E18-A24B-F10ED7DC3624}.Release|x64.ActiveCfg = Release|Any CPU
		{B5E0C834-8799-4E18-A24B-F10ED7DC3624}.Release|x64.Build.0 = Release|Any CPU
		{B5E0C834-8799-4E18-A24B-F10ED7DC3624}.Release|x86.ActiveCfg = Release|Any CPU
		{B5E0C834-8799-4E18-A24B-F10ED7DC3624}.Release|x86.Build.0 = Release|Any CPU
		{31F91F83-6952-4511-8EB9-FE259535D3A5}.Debug|Any CPU.ActiveCfg = Debug|Any CPU
		{31F91F83-6952-4511-8EB9-FE259535D3A5}.Debug|Any CPU.Build.0 = Debug|Any CPU
		{31F91F83-6952-4511-8EB9-FE259535D3A5}.Debug|x64.ActiveCfg = Debug|Any CPU
		{31F91F83-6952-4511-8EB9-FE259535D3A5}.Debug|x64.Build.0 = Debug|Any CPU
		{31F91F83-6952-4511-8EB9-FE259535D3A5}.Debug|x86.ActiveCfg = Debug|Any CPU
		{31F91F83-6952-4511-8EB9-FE259535D3A5}.Debug|x86.Build.0 = Debug|Any CPU
		{31F91F83-6952-4511-8EB9-FE259535D3A5}.Release|Any CPU.ActiveCfg = Release|Any CPU
		{31F91F83-6952-4511-8EB9-FE259535D3A5}.Release|Any CPU.Build.0 = Release|Any CPU
		{31F91F83-6952-4511-8EB9-FE259535D3A5}.Release|x64.ActiveCfg = Release|Any CPU
		{31F91F83-6952-4511-8EB9-FE259535D3A5}.Release|x64.Build.0 = Release|Any CPU
		{31F91F83-6952-4511-8EB9-FE259535D3A5}.Release|x86.ActiveCfg = Release|Any CPU
		{31F91F83-6952-4511-8EB9-FE259535D3A5}.Release|x86.Build.0 = Release|Any CPU
	EndGlobalSection
	GlobalSection(SolutionProperties) = preSolution
		HideSolutionNode = FALSE
	EndGlobalSection
	GlobalSection(NestedProjects) = preSolution
		{B5E0C834-8799-4E18-A24B-F10ED7DC3624} = {9AC352B3-39CD-41CF-97B1-4849CDD32126}
		{31F91F83-6952-4511-8EB9-FE259535D3A5} = {9AC352B3-39CD-41CF-97B1-4849CDD32126}
	EndGlobalSection
	GlobalSection(ExtensibilityGlobals) = postSolution
		SolutionGuid = {096A1310-96BD-4E32-92F3-DF812CD5CBE3}
	EndGlobalSection
EndGlobal
